
Microsoft Visual Studio Solution File, Format Version 12.00
# Visual Studio Version 16
VisualStudioVersion = 16.0.29905.134
MinimumVisualStudioVersion = 10.0.40219.1
Project("{FAE04EC0-301F-11D3-BF4B-00C04F79EFBC}") = "RazorPagesIntro", "RazorPagesIntro\RazorPagesIntro.csproj", "{377E9B55-DD0C-4FC3-B962-FAE140255C9A}"
EndProject
Global
	GlobalSection(SolutionConfigurationPlatforms) = preSolution
		Debug|Any CPU = Debug|Any CPU
		Release|Any CPU = Release|Any CPU
	EndGlobalSection
	GlobalSection(ProjectConfigurationPlatforms) = postSolution
		{377E9B55-DD0C-4FC3-B962-FAE140255C9A}.Debug|Any CPU.ActiveCfg = Debug|Any CPU
		{377E9B55-DD0C-4FC3-B962-FAE140255C9A}.Debug|Any CPU.Build.0 = Debug|Any CPU
		{377E9B55-DD0C-4FC3-B962-FAE140255C9A}.Release|Any CPU.ActiveCfg = Release|Any CPU
		{377E9B55-DD0C-4FC3-B962-FAE140255C9A}.Release|Any CPU.Build.0 = Release|Any CPU
	EndGlobalSection
	GlobalSection(SolutionProperties) = preSolution
		HideSolutionNode = FALSE
	EndGlobalSection
	GlobalSection(ExtensibilityGlobals) = postSolution
		SolutionGuid = {A42C11BA-5193-4F5B-8DA6-956F28CE660F}
	EndGlobalSection
EndGlobal
