
Microsoft Visual Studio Solution File, Format Version 12.00
# Visual Studio Version 16
VisualStudioVersion = 16.0.29905.134
MinimumVisualStudioVersion = 10.0.40219.1
Project("{9A19103F-16F7-4668-BE54-9A1E7A4F7556}") = "aspnetcoreapp", "aspnetcoreapp.csproj", "{3F39964A-FE61-4AFE-AC1C-47D54D220CC2}"
EndProject
Global
	GlobalSection(SolutionConfigurationPlatforms) = preSolution
		Debug|Any CPU = Debug|Any CPU
		Release|Any CPU = Release|Any CPU
	EndGlobalSection
	GlobalSection(ProjectConfigurationPlatforms) = postSolution
		{3F39964A-FE61-4AFE-AC1C-47D54D220CC2}.Debug|Any CPU.ActiveCfg = Debug|Any CPU
		{3F39964A-FE61-4AFE-AC1C-47D54D220CC2}.Debug|Any CPU.Build.0 = Debug|Any CPU
		{3F39964A-FE61-4AFE-AC1C-47D54D220CC2}.Release|Any CPU.ActiveCfg = Release|Any CPU
		{3F39964A-FE61-4AFE-AC1C-47D54D220CC2}.Release|Any CPU.Build.0 = Release|Any CPU
	EndGlobalSection
	GlobalSection(SolutionProperties) = preSolution
		HideSolutionNode = FALSE
	EndGlobalSection
	GlobalSection(ExtensibilityGlobals) = postSolution
		SolutionGuid = {C69069BB-93FA-4900-9F12-45F42C0A1A07}
	EndGlobalSection
EndGlobal
